
Microsoft Visual Studio Solution File, Format Version 12.00
# Visual Studio Version 16
VisualStudioVersion = 16.0.32228.343
MinimumVisualStudioVersion = 10.0.40219.1
Project("{8BC9CEB8-8B4A-11D0-8D11-00A0C91BC942}") = "TCPClient", "TCPClient\TCPClient.vcxproj", "{11C8C177-9468-4EF4-98D0-4837B4CB1B90}"
EndProject
Project("{8BC9CEB8-8B4A-11D0-8D11-00A0C91BC942}") = "TCPServer", "TCPServer\TCPServer.vcxproj", "{FD2D3E2F-E96E-4FB7-ACC9-EE3CE0561433}"
EndProject
Project("{8BC9CEB8-8B4A-11D0-8D11-00A0C91BC942}") = "PracticeArgumentMainFunction", "PracticeArgumentMainFunction\PracticeArgumentMainFunction.vcxproj", "{86BB5157-85C6-4E73-AF55-128C72DD8710}"
EndProject
Project("{8BC9CEB8-8B4A-11D0-8D11-00A0C91BC942}") = "Practice_TCPServer", "Practice_TCPServer\Practice_TCPServer.vcxproj", "{89A7BA20-81EF-4E66-8C92-4DFD6524CB87}"
EndProject
Project("{8BC9CEB8-8B4A-11D0-8D11-00A0C91BC942}") = "NonBlockingServer", "NonBlockingServer\NonBlockingServer.vcxproj", "{E4267B67-0C41-420F-A862-D37373053CAC}"
EndProject
Project("{8BC9CEB8-8B4A-11D0-8D11-00A0C91BC942}") = "MultithreadClient", "MultithreadClient\MultithreadClient.vcxproj", "{B15348F3-0FD9-4C15-8AAC-3C3954DCE6A8}"
EndProject
Project("{8BC9CEB8-8B4A-11D0-8D11-00A0C91BC942}") = "MultithreadServer", "MultithreadServer\MultithreadServer.vcxproj", "{A7C55338-C2B9-4340-9B73-6194419FE522}"
EndProject
Project("{8BC9CEB8-8B4A-11D0-8D11-00A0C91BC942}") = "ServerChat", "ServerChat\ServerChat.vcxproj", "{38EFCDA9-8B69-41B5-8503-38FDB1079107}"
EndProject
Project("{8BC9CEB8-8B4A-11D0-8D11-00A0C91BC942}") = "ServerChatDDL", "ServerChatDDL\ServerChatDDL.vcxproj", "{ADE7540A-94B9-4F2B-BA7B-6495C287A2C5}"
EndProject
Project("{8BC9CEB8-8B4A-11D0-8D11-00A0C91BC942}") = "ServerChatComplete", "ServerChatComplete\ServerChatComplete.vcxproj", "{3231621D-1BCE-4EB4-9306-82F27EFD7838}"
EndProject
Project("{8BC9CEB8-8B4A-11D0-8D11-00A0C91BC942}") = "MultiThreadTelnetServer", "MultiThreadTelnetServer\MultiThreadTelnetServer.vcxproj", "{159AAF3F-46E6-489A-BED8-334D666F1A77}"
EndProject
Project("{8BC9CEB8-8B4A-11D0-8D11-00A0C91BC942}") = "VD", "VD\VD.vcxproj", "{66DCA694-6C6D-4F99-9668-F717355A12CE}"
EndProject
Project("{8BC9CEB8-8B4A-11D0-8D11-00A0C91BC942}") = "VD1", "VD1\VD1.vcxproj", "{7F4102C4-47D1-4000-8D75-D95D7FBE51D2}"
EndProject
Project("{8BC9CEB8-8B4A-11D0-8D11-00A0C91BC942}") = "SelectChatServer", "SelectChatServer\SelectChatServer.vcxproj", "{47317784-3D28-4D50-8ACC-B18ED3A4BFCF}"
EndProject
Project("{8BC9CEB8-8B4A-11D0-8D11-00A0C91BC942}") = "ServerSelect", "ServerSelect\ServerSelect.vcxproj", "{BAF5F449-DD18-47D4-BA07-259F2122F02B}"
EndProject
Project("{8BC9CEB8-8B4A-11D0-8D11-00A0C91BC942}") = "Telnet", "Telnet\Telnet.vcxproj", "{3E1C43DC-13D2-4E1F-9F39-65B5C6CFE12D}"
EndProject
Project("{8BC9CEB8-8B4A-11D0-8D11-00A0C91BC942}") = "NonBlockingChatServer", "NonBlockingChatServer\NonBlockingChatServer.vcxproj", "{54A255E0-2382-4FAB-8B2A-3CED550AD12E}"
EndProject
Project("{8BC9CEB8-8B4A-11D0-8D11-00A0C91BC942}") = "ServerChatUseSelect", "ServerChatUseSelect\ServerChatUseSelect.vcxproj", "{40B605C8-3F82-43C1-957E-E92E53C293A4}"
EndProject
Project("{8BC9CEB8-8B4A-11D0-8D11-00A0C91BC942}") = "VD12", "VD12\VD12.vcxproj", "{77C9E70D-5C30-4D9C-803F-613F04E98354}"
EndProject
Project("{8BC9CEB8-8B4A-11D0-8D11-00A0C91BC942}") = "VD13", "VD13\VD13.vcxproj", "{2B7C3757-F96B-443A-91DB-72C952628702}"
EndProject
Project("{8BC9CEB8-8B4A-11D0-8D11-00A0C91BC942}") = "Client_App", "Client_App\Client_App.vcxproj", "{AAF757F3-79E5-4CF2-92E4-DE047A2B06F9}"
EndProject
Project("{8BC9CEB8-8B4A-11D0-8D11-00A0C91BC942}") = "Server_App", "Server_App\Server_App.vcxproj", "{EAAFA189-4D13-4F27-AD9C-1BB1AF2D2E37}"
EndProject
Project("{8BC9CEB8-8B4A-11D0-8D11-00A0C91BC942}") = "VD15", "VD15\VD15.vcxproj", "{A4E95C3D-C59B-45FD-BCDF-7593A786620F}"
EndProject
Project("{8BC9CEB8-8B4A-11D0-8D11-00A0C91BC942}") = "VD16", "VD16\VD16.vcxproj", "{7B8361EB-46F0-423C-B728-673A003ED97C}"
EndProject
Project("{8BC9CEB8-8B4A-11D0-8D11-00A0C91BC942}") = "VD16_ReCode", "VD16_ReCode\VD16_ReCode.vcxproj", "{E80F66DF-C04F-42F8-AC67-D4F0905A257F}"
EndProject
Global
	GlobalSection(SolutionConfigurationPlatforms) = preSolution
		Debug|x64 = Debug|x64
		Debug|x86 = Debug|x86
		Release|x64 = Release|x64
		Release|x86 = Release|x86
	EndGlobalSection
	GlobalSection(ProjectConfigurationPlatforms) = postSolution
		{11C8C177-9468-4EF4-98D0-4837B4CB1B90}.Debug|x64.ActiveCfg = Debug|x64
		{11C8C177-9468-4EF4-98D0-4837B4CB1B90}.Debug|x64.Build.0 = Debug|x64
		{11C8C177-9468-4EF4-98D0-4837B4CB1B90}.Debug|x86.ActiveCfg = Debug|Win32
		{11C8C177-9468-4EF4-98D0-4837B4CB1B90}.Debug|x86.Build.0 = Debug|Win32
		{11C8C177-9468-4EF4-98D0-4837B4CB1B90}.Release|x64.ActiveCfg = Release|x64
		{11C8C177-9468-4EF4-98D0-4837B4CB1B90}.Release|x64.Build.0 = Release|x64
		{11C8C177-9468-4EF4-98D0-4837B4CB1B90}.Release|x86.ActiveCfg = Release|Win32
		{11C8C177-9468-4EF4-98D0-4837B4CB1B90}.Release|x86.Build.0 = Release|Win32
		{FD2D3E2F-E96E-4FB7-ACC9-EE3CE0561433}.Debug|x64.ActiveCfg = Debug|x64
		{FD2D3E2F-E96E-4FB7-ACC9-EE3CE0561433}.Debug|x64.Build.0 = Debug|x64
		{FD2D3E2F-E96E-4FB7-ACC9-EE3CE0561433}.Debug|x86.ActiveCfg = Debug|Win32
		{FD2D3E2F-E96E-4FB7-ACC9-EE3CE0561433}.Debug|x86.Build.0 = Debug|Win32
		{FD2D3E2F-E96E-4FB7-ACC9-EE3CE0561433}.Release|x64.ActiveCfg = Release|x64
		{FD2D3E2F-E96E-4FB7-ACC9-EE3CE0561433}.Release|x64.Build.0 = Release|x64
		{FD2D3E2F-E96E-4FB7-ACC9-EE3CE0561433}.Release|x86.ActiveCfg = Release|Win32
		{FD2D3E2F-E96E-4FB7-ACC9-EE3CE0561433}.Release|x86.Build.0 = Release|Win32
		{86BB5157-85C6-4E73-AF55-128C72DD8710}.Debug|x64.ActiveCfg = Debug|x64
		{86BB5157-85C6-4E73-AF55-128C72DD8710}.Debug|x64.Build.0 = Debug|x64
		{86BB5157-85C6-4E73-AF55-128C72DD8710}.Debug|x86.ActiveCfg = Debug|Win32
		{86BB5157-85C6-4E73-AF55-128C72DD8710}.Debug|x86.Build.0 = Debug|Win32
		{86BB5157-85C6-4E73-AF55-128C72DD8710}.Release|x64.ActiveCfg = Release|x64
		{86BB5157-85C6-4E73-AF55-128C72DD8710}.Release|x64.Build.0 = Release|x64
		{86BB5157-85C6-4E73-AF55-128C72DD8710}.Release|x86.ActiveCfg = Release|Win32
		{86BB5157-85C6-4E73-AF55-128C72DD8710}.Release|x86.Build.0 = Release|Win32
		{89A7BA20-81EF-4E66-8C92-4DFD6524CB87}.Debug|x64.ActiveCfg = Debug|x64
		{89A7BA20-81EF-4E66-8C92-4DFD6524CB87}.Debug|x64.Build.0 = Debug|x64
		{89A7BA20-81EF-4E66-8C92-4DFD6524CB87}.Debug|x86.ActiveCfg = Debug|Win32
		{89A7BA20-81EF-4E66-8C92-4DFD6524CB87}.Debug|x86.Build.0 = Debug|Win32
		{89A7BA20-81EF-4E66-8C92-4DFD6524CB87}.Release|x64.ActiveCfg = Release|x64
		{89A7BA20-81EF-4E66-8C92-4DFD6524CB87}.Release|x64.Build.0 = Release|x64
		{89A7BA20-81EF-4E66-8C92-4DFD6524CB87}.Release|x86.ActiveCfg = Release|Win32
		{89A7BA20-81EF-4E66-8C92-4DFD6524CB87}.Release|x86.Build.0 = Release|Win32
		{E4267B67-0C41-420F-A862-D37373053CAC}.Debug|x64.ActiveCfg = Debug|x64
		{E4267B67-0C41-420F-A862-D37373053CAC}.Debug|x64.Build.0 = Debug|x64
		{E4267B67-0C41-420F-A862-D37373053CAC}.Debug|x86.ActiveCfg = Debug|Win32
		{E4267B67-0C41-420F-A862-D37373053CAC}.Debug|x86.Build.0 = Debug|Win32
		{E4267B67-0C41-420F-A862-D37373053CAC}.Release|x64.ActiveCfg = Release|x64
		{E4267B67-0C41-420F-A862-D37373053CAC}.Release|x64.Build.0 = Release|x64
		{E4267B67-0C41-420F-A862-D37373053CAC}.Release|x86.ActiveCfg = Release|Win32
		{E4267B67-0C41-420F-A862-D37373053CAC}.Release|x86.Build.0 = Release|Win32
		{B15348F3-0FD9-4C15-8AAC-3C3954DCE6A8}.Debug|x64.ActiveCfg = Debug|x64
		{B15348F3-0FD9-4C15-8AAC-3C3954DCE6A8}.Debug|x64.Build.0 = Debug|x64
		{B15348F3-0FD9-4C15-8AAC-3C3954DCE6A8}.Debug|x86.ActiveCfg = Debug|Win32
		{B15348F3-0FD9-4C15-8AAC-3C3954DCE6A8}.Debug|x86.Build.0 = Debug|Win32
		{B15348F3-0FD9-4C15-8AAC-3C3954DCE6A8}.Release|x64.ActiveCfg = Release|x64
		{B15348F3-0FD9-4C15-8AAC-3C3954DCE6A8}.Release|x64.Build.0 = Release|x64
		{B15348F3-0FD9-4C15-8AAC-3C3954DCE6A8}.Release|x86.ActiveCfg = Release|Win32
		{B15348F3-0FD9-4C15-8AAC-3C3954DCE6A8}.Release|x86.Build.0 = Release|Win32
		{A7C55338-C2B9-4340-9B73-6194419FE522}.Debug|x64.ActiveCfg = Debug|x64
		{A7C55338-C2B9-4340-9B73-6194419FE522}.Debug|x64.Build.0 = Debug|x64
		{A7C55338-C2B9-4340-9B73-6194419FE522}.Debug|x86.ActiveCfg = Debug|Win32
		{A7C55338-C2B9-4340-9B73-6194419FE522}.Debug|x86.Build.0 = Debug|Win32
		{A7C55338-C2B9-4340-9B73-6194419FE522}.Release|x64.ActiveCfg = Release|x64
		{A7C55338-C2B9-4340-9B73-6194419FE522}.Release|x64.Build.0 = Release|x64
		{A7C55338-C2B9-4340-9B73-6194419FE522}.Release|x86.ActiveCfg = Release|Win32
		{A7C55338-C2B9-4340-9B73-6194419FE522}.Release|x86.Build.0 = Release|Win32
		{38EFCDA9-8B69-41B5-8503-38FDB1079107}.Debug|x64.ActiveCfg = Debug|x64
		{38EFCDA9-8B69-41B5-8503-38FDB1079107}.Debug|x64.Build.0 = Debug|x64
		{38EFCDA9-8B69-41B5-8503-38FDB1079107}.Debug|x86.ActiveCfg = Debug|Win32
		{38EFCDA9-8B69-41B5-8503-38FDB1079107}.Debug|x86.Build.0 = Debug|Win32
		{38EFCDA9-8B69-41B5-8503-38FDB1079107}.Release|x64.ActiveCfg = Release|x64
		{38EFCDA9-8B69-41B5-8503-38FDB1079107}.Release|x64.Build.0 = Release|x64
		{38EFCDA9-8B69-41B5-8503-38FDB1079107}.Release|x86.ActiveCfg = Release|Win32
		{38EFCDA9-8B69-41B5-8503-38FDB1079107}.Release|x86.Build.0 = Release|Win32
		{ADE7540A-94B9-4F2B-BA7B-6495C287A2C5}.Debug|x64.ActiveCfg = Debug|x64
		{ADE7540A-94B9-4F2B-BA7B-6495C287A2C5}.Debug|x64.Build.0 = Debug|x64
		{ADE7540A-94B9-4F2B-BA7B-6495C287A2C5}.Debug|x86.ActiveCfg = Debug|Win32
		{ADE7540A-94B9-4F2B-BA7B-6495C287A2C5}.Debug|x86.Build.0 = Debug|Win32
		{ADE7540A-94B9-4F2B-BA7B-6495C287A2C5}.Release|x64.ActiveCfg = Release|x64
		{ADE7540A-94B9-4F2B-BA7B-6495C287A2C5}.Release|x64.Build.0 = Release|x64
		{ADE7540A-94B9-4F2B-BA7B-6495C287A2C5}.Release|x86.ActiveCfg = Release|Win32
		{ADE7540A-94B9-4F2B-BA7B-6495C287A2C5}.Release|x86.Build.0 = Release|Win32
		{3231621D-1BCE-4EB4-9306-82F27EFD7838}.Debug|x64.ActiveCfg = Debug|x64
		{3231621D-1BCE-4EB4-9306-82F27EFD7838}.Debug|x64.Build.0 = Debug|x64
		{3231621D-1BCE-4EB4-9306-82F27EFD7838}.Debug|x86.ActiveCfg = Debug|Win32
		{3231621D-1BCE-4EB4-9306-82F27EFD7838}.Debug|x86.Build.0 = Debug|Win32
		{3231621D-1BCE-4EB4-9306-82F27EFD7838}.Release|x64.ActiveCfg = Release|x64
		{3231621D-1BCE-4EB4-9306-82F27EFD7838}.Release|x64.Build.0 = Release|x64
		{3231621D-1BCE-4EB4-9306-82F27EFD7838}.Release|x86.ActiveCfg = Release|Win32
		{3231621D-1BCE-4EB4-9306-82F27EFD7838}.Release|x86.Build.0 = Release|Win32
		{159AAF3F-46E6-489A-BED8-334D666F1A77}.Debug|x64.ActiveCfg = Debug|x64
		{159AAF3F-46E6-489A-BED8-334D666F1A77}.Debug|x64.Build.0 = Debug|x64
		{159AAF3F-46E6-489A-BED8-334D666F1A77}.Debug|x86.ActiveCfg = Debug|Win32
		{159AAF3F-46E6-489A-BED8-334D666F1A77}.Debug|x86.Build.0 = Debug|Win32
		{159AAF3F-46E6-489A-BED8-334D666F1A77}.Release|x64.ActiveCfg = Release|x64
		{159AAF3F-46E6-489A-BED8-334D666F1A77}.Release|x64.Build.0 = Release|x64
		{159AAF3F-46E6-489A-BED8-334D666F1A77}.Release|x86.ActiveCfg = Release|Win32
		{159AAF3F-46E6-489A-BED8-334D666F1A77}.Release|x86.Build.0 = Release|Win32
		{66DCA694-6C6D-4F99-9668-F717355A12CE}.Debug|x64.ActiveCfg = Debug|x64
		{66DCA694-6C6D-4F99-9668-F717355A12CE}.Debug|x64.Build.0 = Debug|x64
		{66DCA694-6C6D-4F99-9668-F717355A12CE}.Debug|x86.ActiveCfg = Debug|Win32
		{66DCA694-6C6D-4F99-9668-F717355A12CE}.Debug|x86.Build.0 = Debug|Win32
		{66DCA694-6C6D-4F99-9668-F717355A12CE}.Release|x64.ActiveCfg = Release|x64
		{66DCA694-6C6D-4F99-9668-F717355A12CE}.Release|x64.Build.0 = Release|x64
		{66DCA694-6C6D-4F99-9668-F717355A12CE}.Release|x86.ActiveCfg = Release|Win32
		{66DCA694-6C6D-4F99-9668-F717355A12CE}.Release|x86.Build.0 = Release|Win32
		{7F4102C4-47D1-4000-8D75-D95D7FBE51D2}.Debug|x64.ActiveCfg = Debug|x64
		{7F4102C4-47D1-4000-8D75-D95D7FBE51D2}.Debug|x64.Build.0 = Debug|x64
		{7F4102C4-47D1-4000-8D75-D95D7FBE51D2}.Debug|x86.ActiveCfg = Debug|Win32
		{7F4102C4-47D1-4000-8D75-D95D7FBE51D2}.Debug|x86.Build.0 = Debug|Win32
		{7F4102C4-47D1-4000-8D75-D95D7FBE51D2}.Release|x64.ActiveCfg = Release|x64
		{7F4102C4-47D1-4000-8D75-D95D7FBE51D2}.Release|x64.Build.0 = Release|x64
		{7F4102C4-47D1-4000-8D75-D95D7FBE51D2}.Release|x86.ActiveCfg = Release|Win32
		{7F4102C4-47D1-4000-8D75-D95D7FBE51D2}.Release|x86.Build.0 = Release|Win32
		{47317784-3D28-4D50-8ACC-B18ED3A4BFCF}.Debug|x64.ActiveCfg = Debug|x64
		{47317784-3D28-4D50-8ACC-B18ED3A4BFCF}.Debug|x64.Build.0 = Debug|x64
		{47317784-3D28-4D50-8ACC-B18ED3A4BFCF}.Debug|x86.ActiveCfg = Debug|Win32
		{47317784-3D28-4D50-8ACC-B18ED3A4BFCF}.Debug|x86.Build.0 = Debug|Win32
		{47317784-3D28-4D50-8ACC-B18ED3A4BFCF}.Release|x64.ActiveCfg = Release|x64
		{47317784-3D28-4D50-8ACC-B18ED3A4BFCF}.Release|x64.Build.0 = Release|x64
		{47317784-3D28-4D50-8ACC-B18ED3A4BFCF}.Release|x86.ActiveCfg = Release|Win32
		{47317784-3D28-4D50-8ACC-B18ED3A4BFCF}.Release|x86.Build.0 = Release|Win32
		{BAF5F449-DD18-47D4-BA07-259F2122F02B}.Debug|x64.ActiveCfg = Debug|x64
		{BAF5F449-DD18-47D4-BA07-259F2122F02B}.Debug|x64.Build.0 = Debug|x64
		{BAF5F449-DD18-47D4-BA07-259F2122F02B}.Debug|x86.ActiveCfg = Debug|Win32
		{BAF5F449-DD18-47D4-BA07-259F2122F02B}.Debug|x86.Build.0 = Debug|Win32
		{BAF5F449-DD18-47D4-BA07-259F2122F02B}.Release|x64.ActiveCfg = Release|x64
		{BAF5F449-DD18-47D4-BA07-259F2122F02B}.Release|x64.Build.0 = Release|x64
		{BAF5F449-DD18-47D4-BA07-259F2122F02B}.Release|x86.ActiveCfg = Release|Win32
		{BAF5F449-DD18-47D4-BA07-259F2122F02B}.Release|x86.Build.0 = Release|Win32
		{3E1C43DC-13D2-4E1F-9F39-65B5C6CFE12D}.Debug|x64.ActiveCfg = Debug|x64
		{3E1C43DC-13D2-4E1F-9F39-65B5C6CFE12D}.Debug|x64.Build.0 = Debug|x64
		{3E1C43DC-13D2-4E1F-9F39-65B5C6CFE12D}.Debug|x86.ActiveCfg = Debug|Win32
		{3E1C43DC-13D2-4E1F-9F39-65B5C6CFE12D}.Debug|x86.Build.0 = Debug|Win32
		{3E1C43DC-13D2-4E1F-9F39-65B5C6CFE12D}.Release|x64.ActiveCfg = Release|x64
		{3E1C43DC-13D2-4E1F-9F39-65B5C6CFE12D}.Release|x64.Build.0 = Release|x64
		{3E1C43DC-13D2-4E1F-9F39-65B5C6CFE12D}.Release|x86.ActiveCfg = Release|Win32
		{3E1C43DC-13D2-4E1F-9F39-65B5C6CFE12D}.Release|x86.Build.0 = Release|Win32
		{54A255E0-2382-4FAB-8B2A-3CED550AD12E}.Debug|x64.ActiveCfg = Debug|x64
		{54A255E0-2382-4FAB-8B2A-3CED550AD12E}.Debug|x64.Build.0 = Debug|x64
		{54A255E0-2382-4FAB-8B2A-3CED550AD12E}.Debug|x86.ActiveCfg = Debug|Win32
		{54A255E0-2382-4FAB-8B2A-3CED550AD12E}.Debug|x86.Build.0 = Debug|Win32
		{54A255E0-2382-4FAB-8B2A-3CED550AD12E}.Release|x64.ActiveCfg = Release|x64
		{54A255E0-2382-4FAB-8B2A-3CED550AD12E}.Release|x64.Build.0 = Release|x64
		{54A255E0-2382-4FAB-8B2A-3CED550AD12E}.Release|x86.ActiveCfg = Release|Win32
		{54A255E0-2382-4FAB-8B2A-3CED550AD12E}.Release|x86.Build.0 = Release|Win32
		{40B605C8-3F82-43C1-957E-E92E53C293A4}.Debug|x64.ActiveCfg = Debug|x64
		{40B605C8-3F82-43C1-957E-E92E53C293A4}.Debug|x64.Build.0 = Debug|x64
		{40B605C8-3F82-43C1-957E-E92E53C293A4}.Debug|x86.ActiveCfg = Debug|Win32
		{40B605C8-3F82-43C1-957E-E92E53C293A4}.Debug|x86.Build.0 = Debug|Win32
		{40B605C8-3F82-43C1-957E-E92E53C293A4}.Release|x64.ActiveCfg = Release|x64
		{40B605C8-3F82-43C1-957E-E92E53C293A4}.Release|x64.Build.0 = Release|x64
		{40B605C8-3F82-43C1-957E-E92E53C293A4}.Release|x86.ActiveCfg = Release|Win32
		{40B605C8-3F82-43C1-957E-E92E53C293A4}.Release|x86.Build.0 = Release|Win32
		{77C9E70D-5C30-4D9C-803F-613F04E98354}.Debug|x64.ActiveCfg = Debug|x64
		{77C9E70D-5C30-4D9C-803F-613F04E98354}.Debug|x64.Build.0 = Debug|x64
		{77C9E70D-5C30-4D9C-803F-613F04E98354}.Debug|x86.ActiveCfg = Debug|Win32
		{77C9E70D-5C30-4D9C-803F-613F04E98354}.Debug|x86.Build.0 = Debug|Win32
		{77C9E70D-5C30-4D9C-803F-613F04E98354}.Release|x64.ActiveCfg = Release|x64
		{77C9E70D-5C30-4D9C-803F-613F04E98354}.Release|x64.Build.0 = Release|x64
		{77C9E70D-5C30-4D9C-803F-613F04E98354}.Release|x86.ActiveCfg = Release|Win32
		{77C9E70D-5C30-4D9C-803F-613F04E98354}.Release|x86.Build.0 = Release|Win32
		{2B7C3757-F96B-443A-91DB-72C952628702}.Debug|x64.ActiveCfg = Debug|x64
		{2B7C3757-F96B-443A-91DB-72C952628702}.Debug|x64.Build.0 = Debug|x64
		{2B7C3757-F96B-443A-91DB-72C952628702}.Debug|x86.ActiveCfg = Debug|Win32
		{2B7C3757-F96B-443A-91DB-72C952628702}.Debug|x86.Build.0 = Debug|Win32
		{2B7C3757-F96B-443A-91DB-72C952628702}.Release|x64.ActiveCfg = Release|x64
		{2B7C3757-F96B-443A-91DB-72C952628702}.Release|x64.Build.0 = Release|x64
		{2B7C3757-F96B-443A-91DB-72C952628702}.Release|x86.ActiveCfg = Release|Win32
		{2B7C3757-F96B-443A-91DB-72C952628702}.Release|x86.Build.0 = Release|Win32
		{AAF757F3-79E5-4CF2-92E4-DE047A2B06F9}.Debug|x64.ActiveCfg = Debug|x64
		{AAF757F3-79E5-4CF2-92E4-DE047A2B06F9}.Debug|x64.Build.0 = Debug|x64
		{AAF757F3-79E5-4CF2-92E4-DE047A2B06F9}.Debug|x86.ActiveCfg = Debug|Win32
		{AAF757F3-79E5-4CF2-92E4-DE047A2B06F9}.Debug|x86.Build.0 = Debug|Win32
		{AAF757F3-79E5-4CF2-92E4-DE047A2B06F9}.Release|x64.ActiveCfg = Release|x64
		{AAF757F3-79E5-4CF2-92E4-DE047A2B06F9}.Release|x64.Build.0 = Release|x64
		{AAF757F3-79E5-4CF2-92E4-DE047A2B06F9}.Release|x86.ActiveCfg = Release|Win32
		{AAF757F3-79E5-4CF2-92E4-DE047A2B06F9}.Release|x86.Build.0 = Release|Win32
		{EAAFA189-4D13-4F27-AD9C-1BB1AF2D2E37}.Debug|x64.ActiveCfg = Debug|x64
		{EAAFA189-4D13-4F27-AD9C-1BB1AF2D2E37}.Debug|x64.Build.0 = Debug|x64
		{EAAFA189-4D13-4F27-AD9C-1BB1AF2D2E37}.Debug|x86.ActiveCfg = Debug|Win32
		{EAAFA189-4D13-4F27-AD9C-1BB1AF2D2E37}.Debug|x86.Build.0 = Debug|Win32
		{EAAFA189-4D13-4F27-AD9C-1BB1AF2D2E37}.Release|x64.ActiveCfg = Release|x64
		{EAAFA189-4D13-4F27-AD9C-1BB1AF2D2E37}.Release|x64.Build.0 = Release|x64
		{EAAFA189-4D13-4F27-AD9C-1BB1AF2D2E37}.Release|x86.ActiveCfg = Release|Win32
		{EAAFA189-4D13-4F27-AD9C-1BB1AF2D2E37}.Release|x86.Build.0 = Release|Win32
		{A4E95C3D-C59B-45FD-BCDF-7593A786620F}.Debug|x64.ActiveCfg = Debug|x64
		{A4E95C3D-C59B-45FD-BCDF-7593A786620F}.Debug|x64.Build.0 = Debug|x64
		{A4E95C3D-C59B-45FD-BCDF-7593A786620F}.Debug|x86.ActiveCfg = Debug|Win32
		{A4E95C3D-C59B-45FD-BCDF-7593A786620F}.Debug|x86.Build.0 = Debug|Win32
		{A4E95C3D-C59B-45FD-BCDF-7593A786620F}.Release|x64.ActiveCfg = Release|x64
		{A4E95C3D-C59B-45FD-BCDF-7593A786620F}.Release|x64.Build.0 = Release|x64
		{A4E95C3D-C59B-45FD-BCDF-7593A786620F}.Release|x86.ActiveCfg = Release|Win32
		{A4E95C3D-C59B-45FD-BCDF-7593A786620F}.Release|x86.Build.0 = Release|Win32
		{7B8361EB-46F0-423C-B728-673A003ED97C}.Debug|x64.ActiveCfg = Debug|x64
		{7B8361EB-46F0-423C-B728-673A003ED97C}.Debug|x64.Build.0 = Debug|x64
		{7B8361EB-46F0-423C-B728-673A003ED97C}.Debug|x86.ActiveCfg = Debug|Win32
		{7B8361EB-46F0-423C-B728-673A003ED97C}.Debug|x86.Build.0 = Debug|Win32
		{7B8361EB-46F0-423C-B728-673A003ED97C}.Release|x64.ActiveCfg = Release|x64
		{7B8361EB-46F0-423C-B728-673A003ED97C}.Release|x64.Build.0 = Release|x64
		{7B8361EB-46F0-423C-B728-673A003ED97C}.Release|x86.ActiveCfg = Release|Win32
		{7B8361EB-46F0-423C-B728-673A003ED97C}.Release|x86.Build.0 = Release|Win32
		{E80F66DF-C04F-42F8-AC67-D4F0905A257F}.Debug|x64.ActiveCfg = Debug|x64
		{E80F66DF-C04F-42F8-AC67-D4F0905A257F}.Debug|x64.Build.0 = Debug|x64
		{E80F66DF-C04F-42F8-AC67-D4F0905A257F}.Debug|x86.ActiveCfg = Debug|Win32
		{E80F66DF-C04F-42F8-AC67-D4F0905A257F}.Debug|x86.Build.0 = Debug|Win32
		{E80F66DF-C04F-42F8-AC67-D4F0905A257F}.Release|x64.ActiveCfg = Release|x64
		{E80F66DF-C04F-42F8-AC67-D4F0905A257F}.Release|x64.Build.0 = Release|x64
		{E80F66DF-C04F-42F8-AC67-D4F0905A257F}.Release|x86.ActiveCfg = Release|Win32
		{E80F66DF-C04F-42F8-AC67-D4F0905A257F}.Release|x86.Build.0 = Release|Win32
	EndGlobalSection
	GlobalSection(SolutionProperties) = preSolution
		HideSolutionNode = FALSE
	EndGlobalSection
	GlobalSection(ExtensibilityGlobals) = postSolution
		SolutionGuid = {4969AFE6-3479-4E55-9379-6B6EF4E9691D}
	EndGlobalSection
EndGlobal
